
Microsoft Visual Studio Solution File, Format Version 12.00
# Visual Studio Version 17
VisualStudioVersion = 17.9.34701.34
MinimumVisualStudioVersion = 10.0.40219.1
Project("{9A19103F-16F7-4668-BE54-9A1E7A4F7556}") = "Chess", "Chess\Chess.csproj", "{263C981B-08E5-4C03-B852-8580BF39BA6A}"
EndProject
Project("{9A19103F-16F7-4668-BE54-9A1E7A4F7556}") = "ChessLibrary", "ChessLibrary\ChessLibrary.csproj", "{22A29667-1169-4D71-914A-BD56AD06A228}"
EndProject
Project("{9A19103F-16F7-4668-BE54-9A1E7A4F7556}") = "ConsoleChess", "ConsoleChess\ConsoleChess.csproj", "{6BC75F84-4F9F-4D86-BE69-3867924BDCA0}"
EndProject
Project("{9A19103F-16F7-4668-BE54-9A1E7A4F7556}") = "ChessUnitTest", "ChessUnitTest\ChessUnitTest.csproj", "{C20B0C4C-1104-427F-A20E-F07ED22B9C2F}"
EndProject
Project("{9A19103F-16F7-4668-BE54-9A1E7A4F7556}") = "Persistance", "testPersistance\Persistance.csproj", "{8017FC91-1BAF-4BB2-8B56-42BB46511D48}"
EndProject
Global
	GlobalSection(SolutionConfigurationPlatforms) = preSolution
		Debug|Any CPU = Debug|Any CPU
		Release|Any CPU = Release|Any CPU
	EndGlobalSection
	GlobalSection(ProjectConfigurationPlatforms) = postSolution
		{263C981B-08E5-4C03-B852-8580BF39BA6A}.Debug|Any CPU.ActiveCfg = Debug|Any CPU
		{263C981B-08E5-4C03-B852-8580BF39BA6A}.Debug|Any CPU.Build.0 = Debug|Any CPU
		{263C981B-08E5-4C03-B852-8580BF39BA6A}.Debug|Any CPU.Deploy.0 = Debug|Any CPU
		{263C981B-08E5-4C03-B852-8580BF39BA6A}.Release|Any CPU.ActiveCfg = Release|Any CPU
		{263C981B-08E5-4C03-B852-8580BF39BA6A}.Release|Any CPU.Build.0 = Release|Any CPU
		{263C981B-08E5-4C03-B852-8580BF39BA6A}.Release|Any CPU.Deploy.0 = Release|Any CPU
		{22A29667-1169-4D71-914A-BD56AD06A228}.Debug|Any CPU.ActiveCfg = Debug|Any CPU
		{22A29667-1169-4D71-914A-BD56AD06A228}.Debug|Any CPU.Build.0 = Debug|Any CPU
		{22A29667-1169-4D71-914A-BD56AD06A228}.Release|Any CPU.ActiveCfg = Release|Any CPU
		{22A29667-1169-4D71-914A-BD56AD06A228}.Release|Any CPU.Build.0 = Release|Any CPU
		{6BC75F84-4F9F-4D86-BE69-3867924BDCA0}.Debug|Any CPU.ActiveCfg = Debug|Any CPU
		{6BC75F84-4F9F-4D86-BE69-3867924BDCA0}.Debug|Any CPU.Build.0 = Debug|Any CPU
		{6BC75F84-4F9F-4D86-BE69-3867924BDCA0}.Release|Any CPU.ActiveCfg = Release|Any CPU
		{6BC75F84-4F9F-4D86-BE69-3867924BDCA0}.Release|Any CPU.Build.0 = Release|Any CPU
		{C20B0C4C-1104-427F-A20E-F07ED22B9C2F}.Debug|Any CPU.ActiveCfg = Debug|Any CPU
		{C20B0C4C-1104-427F-A20E-F07ED22B9C2F}.Debug|Any CPU.Build.0 = Debug|Any CPU
		{C20B0C4C-1104-427F-A20E-F07ED22B9C2F}.Release|Any CPU.ActiveCfg = Release|Any CPU
		{C20B0C4C-1104-427F-A20E-F07ED22B9C2F}.Release|Any CPU.Build.0 = Release|Any CPU
		{8017FC91-1BAF-4BB2-8B56-42BB46511D48}.Debug|Any CPU.ActiveCfg = Debug|Any CPU
		{8017FC91-1BAF-4BB2-8B56-42BB46511D48}.Debug|Any CPU.Build.0 = Debug|Any CPU
		{8017FC91-1BAF-4BB2-8B56-42BB46511D48}.Release|Any CPU.ActiveCfg = Release|Any CPU
		{8017FC91-1BAF-4BB2-8B56-42BB46511D48}.Release|Any CPU.Build.0 = Release|Any CPU
	EndGlobalSection
	GlobalSection(SolutionProperties) = preSolution
		HideSolutionNode = FALSE
	EndGlobalSection
	GlobalSection(ExtensibilityGlobals) = postSolution
		SolutionGuid = {2085C3DE-625F-4059-8EFA-E30A357241FC}
	EndGlobalSection
EndGlobal
