
Microsoft Visual Studio Solution File, Format Version 12.00
# Visual Studio Version 17
VisualStudioVersion = 17.9.34701.34
MinimumVisualStudioVersion = 10.0.40219.1
Project("{9A19103F-16F7-4668-BE54-9A1E7A4F7556}") = "Chess", "Chess\Chess.csproj", "{263C981B-08E5-4C03-B852-8580BF39BA6A}"
EndProject
Project("{FAE04EC0-301F-11D3-BF4B-00C04F79EFBC}") = "ChessLibrary", "ChessLibrary\ChessLibrary.csproj", "{A7391943-CBBA-4B7A-8CE2-9285D843C928}"
EndProject
Project("{FAE04EC0-301F-11D3-BF4B-00C04F79EFBC}") = "ConsoleChess", "ConsoleChess\ConsoleChess.csproj", "{DD7CB36A-592A-48BD-BD01-98BCE05814FC}"
EndProject
Global
	GlobalSection(SolutionConfigurationPlatforms) = preSolution
		Debug|Any CPU = Debug|Any CPU
		Release|Any CPU = Release|Any CPU
	EndGlobalSection
	GlobalSection(ProjectConfigurationPlatforms) = postSolution
		{263C981B-08E5-4C03-B852-8580BF39BA6A}.Debug|Any CPU.ActiveCfg = Debug|Any CPU
		{263C981B-08E5-4C03-B852-8580BF39BA6A}.Debug|Any CPU.Build.0 = Debug|Any CPU
		{263C981B-08E5-4C03-B852-8580BF39BA6A}.Debug|Any CPU.Deploy.0 = Debug|Any CPU
		{263C981B-08E5-4C03-B852-8580BF39BA6A}.Release|Any CPU.ActiveCfg = Release|Any CPU
		{263C981B-08E5-4C03-B852-8580BF39BA6A}.Release|Any CPU.Build.0 = Release|Any CPU
		{263C981B-08E5-4C03-B852-8580BF39BA6A}.Release|Any CPU.Deploy.0 = Release|Any CPU
		{A7391943-CBBA-4B7A-8CE2-9285D843C928}.Debug|Any CPU.ActiveCfg = Debug|Any CPU
		{A7391943-CBBA-4B7A-8CE2-9285D843C928}.Debug|Any CPU.Build.0 = Debug|Any CPU
		{A7391943-CBBA-4B7A-8CE2-9285D843C928}.Release|Any CPU.ActiveCfg = Release|Any CPU
		{A7391943-CBBA-4B7A-8CE2-9285D843C928}.Release|Any CPU.Build.0 = Release|Any CPU
		{DD7CB36A-592A-48BD-BD01-98BCE05814FC}.Debug|Any CPU.ActiveCfg = Debug|Any CPU
		{DD7CB36A-592A-48BD-BD01-98BCE05814FC}.Debug|Any CPU.Build.0 = Debug|Any CPU
		{DD7CB36A-592A-48BD-BD01-98BCE05814FC}.Release|Any CPU.ActiveCfg = Release|Any CPU
		{DD7CB36A-592A-48BD-BD01-98BCE05814FC}.Release|Any CPU.Build.0 = Release|Any CPU
	EndGlobalSection
	GlobalSection(SolutionProperties) = preSolution
		HideSolutionNode = FALSE
	EndGlobalSection
	GlobalSection(ExtensibilityGlobals) = postSolution
		SolutionGuid = {2085C3DE-625F-4059-8EFA-E30A357241FC}
	EndGlobalSection
EndGlobal
